
Microsoft Visual Studio Solution File, Format Version 12.00
# Visual Studio Version 17
VisualStudioVersion = 17.13.35818.85
MinimumVisualStudioVersion = 10.0.40219.1
Project("{FAE04EC0-301F-11D3-BF4B-00C04F79EFBC}") = "VillageRentalsGUI", "VillageRentalsGUI.csproj", "{7B8E5D28-3EE7-481C-9669-638CAEF21F9E}"
EndProject
Global
	GlobalSection(SolutionConfigurationPlatforms) = preSolution
		Debug|Any CPU = Debug|Any CPU
		Release|Any CPU = Release|Any CPU
	EndGlobalSection
	GlobalSection(ProjectConfigurationPlatforms) = postSolution
		{7B8E5D28-3EE7-481C-9669-638CAEF21F9E}.Debug|Any CPU.ActiveCfg = Debug|Any CPU
		{7B8E5D28-3EE7-481C-9669-638CAEF21F9E}.Debug|Any CPU.Build.0 = Debug|Any CPU
		{7B8E5D28-3EE7-481C-9669-638CAEF21F9E}.Debug|Any CPU.Deploy.0 = Debug|Any CPU
		{7B8E5D28-3EE7-481C-9669-638CAEF21F9E}.Release|Any CPU.ActiveCfg = Release|Any CPU
		{7B8E5D28-3EE7-481C-9669-638CAEF21F9E}.Release|Any CPU.Build.0 = Release|Any CPU
		{7B8E5D28-3EE7-481C-9669-638CAEF21F9E}.Release|Any CPU.Deploy.0 = Release|Any CPU
	EndGlobalSection
	GlobalSection(SolutionProperties) = preSolution
		HideSolutionNode = FALSE
	EndGlobalSection
	GlobalSection(ExtensibilityGlobals) = postSolution
		SolutionGuid = {0828E9FC-3BD7-419B-A44F-699DAE31F235}
	EndGlobalSection
EndGlobal
